{
    "_meta": {
        "hash": {
            "sha256": "eb208ded07adbad92986d1a0e08c05e32728f01846b2e26f89f5099f8979925c"
        },
        "pipfile-spec": 6,
        "requires": {
            "python_version": "3.6"
        },
        "sources": [
            {
                "name": "pypi",
                "url": "https://pypi.org/simple",
                "verify_ssl": true
            }
        ]
    },
    "default": {
        "aiohttp": {
            "hashes": [
                "sha256:1be3903fe6a36d20492e74efb326522dd4702bf32b45ffc7acbc0fb34ab240a6",
                "sha256:233b9a7816d29700e4ae6e024e0cc5d9d6fbd2a9b0878d0c89b75fa708a8b204",
                "sha256:424ad41a5434c25920fc8d0ce24c2f8d749965bce8996b86c9be0cd50f0051b2",
                "sha256:46c004a3bd91c42caa1bb9c4d44ef156ccf0d7f56272590da8d066710e7c63be",
                "sha256:4af32e7641f8029fd2cb6b3d3e51e92074ae0d42347d56e93b25fbb3f49a43bb",
                "sha256:51652ba1310e5a71a20133976ae6cbe301edce3387c6d3df4a8451841af8c9c7",
                "sha256:57854a9e1f0ed26acfd5765caa5522679b6e78a4dfcd137855cd058fdae5abe2",
                "sha256:695dc053980c9ad73030d426de40d7d0c66f4226c698b1c68ae94b9b761f28bd",
                "sha256:7dc80c5984613a30a6608718a401143598f69907770a46e5b6df87c7b9d06ce8",
                "sha256:8aa12ad9cccbdf0f896dd3f1bbe78093b09eb1a456cbd7208080c2c0e9c338e1",
                "sha256:af183773b170da552bfb1f78bc84647e3f7316ff5c77ae379e34362ffbafed0b",
                "sha256:b034ab3a8e328705625467fe7b3a59e23da6952ba19b5a14b044aef206b653fa",
                "sha256:b6abeb48f66ac26690fb681cc3c1f9eed1d2f9f29b7cd4f3e182d3276001f663",
                "sha256:ee39b92c1dc2425784b424bd442bd255f31e272546be92a28035dabe9da3495e",
                "sha256:ef885a19bcff2a20ae0362ab6b8f8ac62b8bd8490dd3e031f15933abbe41d2b2"
            ],
            "index": "pypi",
            "version": "==3.2.0"
        },
        "aiohttp-jinja2": {
            "hashes": [
                "sha256:ad8ee601759408d049e1a4cb139a2e2d7d4b43e911eb168cdcbf6ce6c0b40ee1",
                "sha256:df1ba60b8779d232a23e5e38589b85f6430e9ace5adce546353155349bdea023"
            ],
            "index": "pypi",
            "version": "==1.0.0"
        },
        "async-timeout": {
            "hashes": [
                "sha256:474d4bc64cee20603e225eb1ece15e248962958b45a3648a9f5cc29e827a610c",
                "sha256:b3c0ddc416736619bd4a95ca31de8da6920c3b9a140c64dbef2b2fa7bf521287"
            ],
            "version": "==3.0.0"
        },
        "attrs": {
            "hashes": [
                "sha256:4b90b09eeeb9b88c35bc642cbac057e45a5fd85367b985bd2809c62b7b939265",
                "sha256:e0d0eb91441a3b53dab4d9b743eafc1ac44476296a2053b6ca3af0b139faf87b"
            ],
            "version": "==18.1.0"
        },
        "chardet": {
            "hashes": [
                "sha256:84ab92ed1c4d4f16916e05906b6b75a6c0fb5db821cc65e70cbd64a3e2a5eaae",
                "sha256:fc323ffcaeaed0e0a02bf4d117757b98aed530d9ed4531e3e15460124c106691"
            ],
            "version": "==3.0.4"
        },
        "idna": {
            "hashes": [
                "sha256:2c6a5de3089009e3da7c5dde64a141dbc8551d5b7f6cf4ed7c2568d0cc520a8f",
                "sha256:8c7309c718f94b3a625cb648ace320157ad16ff131ae0af362c9f21b80ef6ec4"
            ],
            "version": "==2.6"
        },
        "idna-ssl": {
            "hashes": [
                "sha256:1293f030bc608e9aa9cdee72aa93c1521bbb9c7698068c61c9ada6772162b979"
            ],
            "version": "==1.0.1"
        },
        "jinja2": {
            "hashes": [
                "sha256:74c935a1b8bb9a3947c50a54766a969d4846290e1e788ea44c1392163723c3bd",
                "sha256:f84be1bb0040caca4cea721fcbbbbd61f9be9464ca236387158b0feea01914a4"
            ],
            "version": "==2.10"
        },
        "jsonschema": {
            "hashes": [
                "sha256:000e68abd33c972a5248544925a0cae7d1125f9bf6c58280d37546b946769a08",
                "sha256:6ff5f3180870836cae40f06fa10419f557208175f13ad7bc26caa77beb1f6e02"
            ],
            "index": "pypi",
            "version": "==2.6.0"
        },
        "markupsafe": {
            "hashes": [
                "sha256:a6be69091dac236ea9c6bc7d012beab42010fa914c459791d627dad4910eb665"
            ],
            "version": "==1.0"
        },
        "multidict": {
            "hashes": [
                "sha256:1a1d76374a1e7fe93acef96b354a03c1d7f83e7512e225a527d283da0d7ba5e0",
                "sha256:1d6e191965505652f194bc4c40270a842922685918a4f45e6936a6b15cc5816d",
                "sha256:295961a6a88f1199e19968e15d9b42f3a191c89ec13034dbc212bf9c394c3c82",
                "sha256:2be5af084de6c3b8e20d6421cb0346378a9c867dcf7c86030d6b0b550f9888e4",
                "sha256:2eb99617c7a0e9f2b90b64bc1fb742611718618572747d6f3d6532b7b78755ab",
                "sha256:4ba654c6b5ad1ae4a4d792abeb695b29ce981bb0f157a41d0fd227b385f2bef0",
                "sha256:5ba766433c30d703f6b2c17eb0b6826c6f898e5f58d89373e235f07764952314",
                "sha256:a59d58ee85b11f337b54933e8d758b2356fcdcc493248e004c9c5e5d11eedbe4",
                "sha256:a6e35d28900cf87bcc11e6ca9e474db0099b78f0be0a41d95bef02d49101b5b2",
                "sha256:b4df7ca9c01018a51e43937eaa41f2f5dce17a6382fda0086403bcb1f5c2cf8e",
                "sha256:bbd5a6bffd3ba8bfe75b16b5e28af15265538e8be011b0b9fddc7d86a453fd4a",
                "sha256:d870f399fcd58a1889e93008762a3b9a27cf7ea512818fc6e689f59495648355",
                "sha256:e9404e2e19e901121c3c5c6cffd5a8ae0d1d67919c970e3b3262231175713068"
            ],
            "version": "==4.3.1"
        },
        "pyyaml": {
            "hashes": [
                "sha256:0c507b7f74b3d2dd4d1322ec8a94794927305ab4cebbe89cc47fe5e81541e6e8",
                "sha256:16b20e970597e051997d90dc2cddc713a2876c47e3d92d59ee198700c5427736",
                "sha256:3262c96a1ca437e7e4763e2843746588a965426550f3797a79fca9c6199c431f",
                "sha256:326420cbb492172dec84b0f65c80942de6cedb5233c413dd824483989c000608",
                "sha256:4474f8ea030b5127225b8894d626bb66c01cda098d47a2b0d3429b6700af9fd8",
                "sha256:592766c6303207a20efc445587778322d7f73b161bd994f227adaa341ba212ab",
                "sha256:5ac82e411044fb129bae5cfbeb3ba626acb2af31a8d17d175004b70862a741a7",
                "sha256:5f84523c076ad14ff5e6c037fe1c89a7f73a3e04cf0377cb4d017014976433f3",
                "sha256:827dc04b8fa7d07c44de11fabbc888e627fa8293b695e0f99cb544fdfa1bf0d1",
                "sha256:b4c423ab23291d3945ac61346feeb9a0dc4184999ede5e7c43e1ffb975130ae6",
                "sha256:bc6bced57f826ca7cb5125a10b23fd0f2fff3b7c4701d64c439a300ce665fff8",
                "sha256:c01b880ec30b5a6e6aa67b09a2fe3fb30473008c85cd6a67359a1b15ed6d83a4",
                "sha256:ca233c64c6e40eaa6c66ef97058cdc80e8d0157a443655baa1b2966e812807ca",
                "sha256:e863072cdf4c72eebf179342c94e6989c67185842d9997960b3e69290b2fa269"
            ],
            "index": "pypi",
            "version": "==3.12"
        },
        "yarl": {
            "hashes": [
                "sha256:0d3ceda7a71d0476496a3a198081e09f2b8716793702e76e78241ca87165b751",
                "sha256:1640294c0315fa17515b0d95f7afd76493b7cae5235bf2b395787cef11b0745d",
                "sha256:1fc3e17ab13e46cae1a6067ad4c210d6efa378267d312ed6a47803d0e5ca0d97",
                "sha256:43b33a86f0ff56f8a40de648f0a9b09a12e08f8024775f9fb6eae8729af96a89",
                "sha256:5eb6514c311003b897cc8e2e8205155bab86f92d8b7411d5b4808a6636e7f578",
                "sha256:66706ce54c7297d173c2138a5a886646573299ddc1890f770500c682b7a6803b",
                "sha256:80dae5e4917300cbf03954367fba72c0578da6fdaf99a1275adc310e1cdf39df",
                "sha256:b202c20dcae6305561910a0c8ff1cb9f85178ef2635ee5ce2ef1e41392a0513d",
                "sha256:d7c327e826d8ef05c255dec137404302f147da436182e9cb97517ccf60ecfb2e"
            ],
            "version": "==1.2.3"
        }
    },
    "develop": {
        "aiohttp": {
            "hashes": [
                "sha256:1be3903fe6a36d20492e74efb326522dd4702bf32b45ffc7acbc0fb34ab240a6",
                "sha256:233b9a7816d29700e4ae6e024e0cc5d9d6fbd2a9b0878d0c89b75fa708a8b204",
                "sha256:424ad41a5434c25920fc8d0ce24c2f8d749965bce8996b86c9be0cd50f0051b2",
                "sha256:46c004a3bd91c42caa1bb9c4d44ef156ccf0d7f56272590da8d066710e7c63be",
                "sha256:4af32e7641f8029fd2cb6b3d3e51e92074ae0d42347d56e93b25fbb3f49a43bb",
                "sha256:51652ba1310e5a71a20133976ae6cbe301edce3387c6d3df4a8451841af8c9c7",
                "sha256:57854a9e1f0ed26acfd5765caa5522679b6e78a4dfcd137855cd058fdae5abe2",
                "sha256:695dc053980c9ad73030d426de40d7d0c66f4226c698b1c68ae94b9b761f28bd",
                "sha256:7dc80c5984613a30a6608718a401143598f69907770a46e5b6df87c7b9d06ce8",
                "sha256:8aa12ad9cccbdf0f896dd3f1bbe78093b09eb1a456cbd7208080c2c0e9c338e1",
                "sha256:af183773b170da552bfb1f78bc84647e3f7316ff5c77ae379e34362ffbafed0b",
                "sha256:b034ab3a8e328705625467fe7b3a59e23da6952ba19b5a14b044aef206b653fa",
                "sha256:b6abeb48f66ac26690fb681cc3c1f9eed1d2f9f29b7cd4f3e182d3276001f663",
                "sha256:ee39b92c1dc2425784b424bd442bd255f31e272546be92a28035dabe9da3495e",
                "sha256:ef885a19bcff2a20ae0362ab6b8f8ac62b8bd8490dd3e031f15933abbe41d2b2"
            ],
            "index": "pypi",
            "version": "==3.2.0"
        },
        "apipkg": {
            "hashes": [
                "sha256:2e38399dbe842891fe85392601aab8f40a8f4cc5a9053c326de35a1cc0297ac6",
                "sha256:65d2aa68b28e7d31233bb2ba8eb31cda40e4671f8ac2d6b241e358c9652a74b9"
            ],
            "version": "==1.4"
        },
        "async-timeout": {
            "hashes": [
                "sha256:474d4bc64cee20603e225eb1ece15e248962958b45a3648a9f5cc29e827a610c",
                "sha256:b3c0ddc416736619bd4a95ca31de8da6920c3b9a140c64dbef2b2fa7bf521287"
            ],
            "version": "==3.0.0"
        },
        "attrs": {
            "hashes": [
                "sha256:4b90b09eeeb9b88c35bc642cbac057e45a5fd85367b985bd2809c62b7b939265",
                "sha256:e0d0eb91441a3b53dab4d9b743eafc1ac44476296a2053b6ca3af0b139faf87b"
            ],
            "version": "==18.1.0"
        },
        "chardet": {
            "hashes": [
                "sha256:84ab92ed1c4d4f16916e05906b6b75a6c0fb5db821cc65e70cbd64a3e2a5eaae",
                "sha256:fc323ffcaeaed0e0a02bf4d117757b98aed530d9ed4531e3e15460124c106691"
            ],
            "version": "==3.0.4"
        },
        "coverage": {
            "hashes": [
                "sha256:03481e81d558d30d230bc12999e3edffe392d244349a90f4ef9b88425fac74ba",
                "sha256:0b136648de27201056c1869a6c0d4e23f464750fd9a9ba9750b8336a244429ed",
                "sha256:104ab3934abaf5be871a583541e8829d6c19ce7bde2923b2751e0d3ca44db60a",
                "sha256:15b111b6a0f46ee1a485414a52a7ad1d703bdf984e9ed3c288a4414d3871dcbd",
                "sha256:198626739a79b09fa0a2f06e083ffd12eb55449b5f8bfdbeed1df4910b2ca640",
                "sha256:1c383d2ef13ade2acc636556fd544dba6e14fa30755f26812f54300e401f98f2",
                "sha256:28b2191e7283f4f3568962e373b47ef7f0392993bb6660d079c62bd50fe9d162",
                "sha256:2eb564bbf7816a9d68dd3369a510be3327f1c618d2357fa6b1216994c2e3d508",
                "sha256:337ded681dd2ef9ca04ef5d93cfc87e52e09db2594c296b4a0a3662cb1b41249",
                "sha256:3a2184c6d797a125dca8367878d3b9a178b6fdd05fdc2d35d758c3006a1cd694",
                "sha256:3c79a6f7b95751cdebcd9037e4d06f8d5a9b60e4ed0cd231342aa8ad7124882a",
                "sha256:3d72c20bd105022d29b14a7d628462ebdc61de2f303322c0212a054352f3b287",
                "sha256:3eb42bf89a6be7deb64116dd1cc4b08171734d721e7a7e57ad64cc4ef29ed2f1",
                "sha256:4635a184d0bbe537aa185a34193898eee409332a8ccb27eea36f262566585000",
                "sha256:56e448f051a201c5ebbaa86a5efd0ca90d327204d8b059ab25ad0f35fbfd79f1",
                "sha256:5a13ea7911ff5e1796b6d5e4fbbf6952381a611209b736d48e675c2756f3f74e",
                "sha256:69bf008a06b76619d3c3f3b1983f5145c75a305a0fea513aca094cae5c40a8f5",
                "sha256:6bc583dc18d5979dc0f6cec26a8603129de0304d5ae1f17e57a12834e7235062",
                "sha256:701cd6093d63e6b8ad7009d8a92425428bc4d6e7ab8d75efbb665c806c1d79ba",
                "sha256:7608a3dd5d73cb06c531b8925e0ef8d3de31fed2544a7de6c63960a1e73ea4bc",
                "sha256:76ecd006d1d8f739430ec50cc872889af1f9c1b6b8f48e29941814b09b0fd3cc",
                "sha256:7aa36d2b844a3e4a4b356708d79fd2c260281a7390d678a10b91ca595ddc9e99",
                "sha256:7d3f553904b0c5c016d1dad058a7554c7ac4c91a789fca496e7d8347ad040653",
                "sha256:7e1fe19bd6dce69d9fd159d8e4a80a8f52101380d5d3a4d374b6d3eae0e5de9c",
                "sha256:8c3cb8c35ec4d9506979b4cf90ee9918bc2e49f84189d9bf5c36c0c1119c6558",
                "sha256:9d6dd10d49e01571bf6e147d3b505141ffc093a06756c60b053a859cb2128b1f",
                "sha256:9e112fcbe0148a6fa4f0a02e8d58e94470fc6cb82a5481618fea901699bf34c4",
                "sha256:ac4fef68da01116a5c117eba4dd46f2e06847a497de5ed1d64bb99a5fda1ef91",
                "sha256:b8815995e050764c8610dbc82641807d196927c3dbed207f0a079833ffcf588d",
                "sha256:be6cfcd8053d13f5f5eeb284aa8a814220c3da1b0078fa859011c7fffd86dab9",
                "sha256:c1bb572fab8208c400adaf06a8133ac0712179a334c09224fb11393e920abcdd",
                "sha256:de4418dadaa1c01d497e539210cb6baa015965526ff5afc078c57ca69160108d",
                "sha256:e05cb4d9aad6233d67e0541caa7e511fa4047ed7750ec2510d466e806e0255d6",
                "sha256:e4d96c07229f58cb686120f168276e434660e4358cc9cf3b0464210b04913e77",
                "sha256:f3f501f345f24383c0000395b26b726e46758b71393267aeae0bd36f8b3ade80",
                "sha256:f8a923a85cb099422ad5a2e345fe877bbc89a8a8b23235824a93488150e45f6e"
            ],
            "version": "==4.5.1"
        },
        "execnet": {
            "hashes": [
                "sha256:a7a84d5fa07a089186a329528f127c9d73b9de57f1a1131b82bb5320ee651f6a",
                "sha256:fc155a6b553c66c838d1a22dba1dc9f5f505c43285a878c6f74a79c024750b83"
            ],
            "version": "==1.5.0"
        },
        "idna": {
            "hashes": [
                "sha256:2c6a5de3089009e3da7c5dde64a141dbc8551d5b7f6cf4ed7c2568d0cc520a8f",
                "sha256:8c7309c718f94b3a625cb648ace320157ad16ff131ae0af362c9f21b80ef6ec4"
            ],
            "version": "==2.6"
        },
        "idna-ssl": {
            "hashes": [
                "sha256:1293f030bc608e9aa9cdee72aa93c1521bbb9c7698068c61c9ada6772162b979"
            ],
            "version": "==1.0.1"
        },
        "more-itertools": {
            "hashes": [
                "sha256:0dd8f72eeab0d2c3bd489025bb2f6a1b8342f9b198f6fc37b52d15cfa4531fea",
                "sha256:11a625025954c20145b37ff6309cd54e39ca94f72f6bb9576d1195db6fa2442e",
                "sha256:c9ce7eccdcb901a2c75d326ea134e0886abfbea5f93e91cc95de9507c0816c44"
            ],
            "version": "==4.1.0"
        },
        "multidict": {
            "hashes": [
                "sha256:1a1d76374a1e7fe93acef96b354a03c1d7f83e7512e225a527d283da0d7ba5e0",
                "sha256:1d6e191965505652f194bc4c40270a842922685918a4f45e6936a6b15cc5816d",
                "sha256:295961a6a88f1199e19968e15d9b42f3a191c89ec13034dbc212bf9c394c3c82",
                "sha256:2be5af084de6c3b8e20d6421cb0346378a9c867dcf7c86030d6b0b550f9888e4",
                "sha256:2eb99617c7a0e9f2b90b64bc1fb742611718618572747d6f3d6532b7b78755ab",
                "sha256:4ba654c6b5ad1ae4a4d792abeb695b29ce981bb0f157a41d0fd227b385f2bef0",
                "sha256:5ba766433c30d703f6b2c17eb0b6826c6f898e5f58d89373e235f07764952314",
                "sha256:a59d58ee85b11f337b54933e8d758b2356fcdcc493248e004c9c5e5d11eedbe4",
                "sha256:a6e35d28900cf87bcc11e6ca9e474db0099b78f0be0a41d95bef02d49101b5b2",
                "sha256:b4df7ca9c01018a51e43937eaa41f2f5dce17a6382fda0086403bcb1f5c2cf8e",
                "sha256:bbd5a6bffd3ba8bfe75b16b5e28af15265538e8be011b0b9fddc7d86a453fd4a",
                "sha256:d870f399fcd58a1889e93008762a3b9a27cf7ea512818fc6e689f59495648355",
                "sha256:e9404e2e19e901121c3c5c6cffd5a8ae0d1d67919c970e3b3262231175713068"
            ],
            "version": "==4.3.1"
        },
        "pep8": {
            "hashes": [
                "sha256:b22cfae5db09833bb9bd7c8463b53e1a9c9b39f12e304a8d0bba729c501827ee",
                "sha256:fe249b52e20498e59e0b5c5256aa52ee99fc295b26ec9eaa85776ffdb9fe6374"
            ],
            "version": "==1.7.1"
        },
        "pluggy": {
            "hashes": [
                "sha256:7f8ae7f5bdf75671a718d2daf0a64b7885f74510bcd98b1a0bb420eb9a9d0cff",
                "sha256:d345c8fe681115900d6da8d048ba67c25df42973bda370783cd58826442dcd7c",
                "sha256:e160a7fcf25762bb60efc7e171d4497ff1d8d2d75a3d0df7a21b76821ecbf5c5"
            ],
            "version": "==0.6.0"
        },
        "py": {
            "hashes": [
                "sha256:29c9fab495d7528e80ba1e343b958684f4ace687327e6f789a94bf3d1915f881",
                "sha256:983f77f3331356039fdd792e9220b7b8ee1aa6bd2b25f567a963ff1de5a64f6a"
            ],
            "version": "==1.5.3"
        },
        "pytest": {
            "hashes": [
                "sha256:54713b26c97538db6ff0703a12b19aeaeb60b5e599de542e7fca0ec83b9038e8",
                "sha256:829230122facf05a5f81a6d4dfe6454a04978ea3746853b2b84567ecf8e5c526"
            ],
            "index": "pypi",
            "version": "==3.5.1"
        },
        "pytest-aiohttp": {
            "hashes": [
                "sha256:0b9b660b146a65e1313e2083d0d2e1f63047797354af9a28d6b7c9f0726fa33d",
                "sha256:c929854339637977375838703b62fef63528598bc0a9d451639eba95f4aaa44f"
            ],
            "index": "pypi",
            "version": "==0.3.0"
        },
        "pytest-cache": {
            "hashes": [
                "sha256:be7468edd4d3d83f1e844959fd6e3fd28e77a481440a7118d430130ea31b07a9"
            ],
            "version": "==1.0"
        },
        "pytest-cov": {
            "hashes": [
                "sha256:03aa752cf11db41d281ea1d807d954c4eda35cfa1b21d6971966cc041bbf6e2d",
                "sha256:890fe5565400902b0c78b5357004aab1c814115894f4f21370e2433256a3eeec"
            ],
            "index": "pypi",
            "version": "==2.5.1"
        },
        "pytest-mock": {
            "hashes": [
                "sha256:53801e621223d34724926a5c98bd90e8e417ce35264365d39d6c896388dcc928",
                "sha256:d89a8209d722b8307b5e351496830d5cc5e192336003a485443ae9adeb7dd4c0"
            ],
            "index": "pypi",
            "version": "==1.10.0"
        },
        "pytest-pep8": {
            "hashes": [
                "sha256:032ef7e5fa3ac30f4458c73e05bb67b0f036a8a5cb418a534b3170f89f120318"
            ],
            "index": "pypi",
            "version": "==1.0.6"
        },
        "six": {
            "hashes": [
                "sha256:70e8a77beed4562e7f14fe23a786b54f6296e34344c23bc42f07b15018ff98e9",
                "sha256:832dc0e10feb1aa2c68dcc57dbb658f1c7e65b9b61af69048abc87a2db00a0eb"
            ],
            "version": "==1.11.0"
        },
        "yarl": {
            "hashes": [
                "sha256:0d3ceda7a71d0476496a3a198081e09f2b8716793702e76e78241ca87165b751",
                "sha256:1640294c0315fa17515b0d95f7afd76493b7cae5235bf2b395787cef11b0745d",
                "sha256:1fc3e17ab13e46cae1a6067ad4c210d6efa378267d312ed6a47803d0e5ca0d97",
                "sha256:43b33a86f0ff56f8a40de648f0a9b09a12e08f8024775f9fb6eae8729af96a89",
                "sha256:5eb6514c311003b897cc8e2e8205155bab86f92d8b7411d5b4808a6636e7f578",
                "sha256:66706ce54c7297d173c2138a5a886646573299ddc1890f770500c682b7a6803b",
                "sha256:80dae5e4917300cbf03954367fba72c0578da6fdaf99a1275adc310e1cdf39df",
                "sha256:b202c20dcae6305561910a0c8ff1cb9f85178ef2635ee5ce2ef1e41392a0513d",
                "sha256:d7c327e826d8ef05c255dec137404302f147da436182e9cb97517ccf60ecfb2e"
            ],
            "version": "==1.2.3"
        }
    }
}
